
Microsoft Visual Studio Solution File, Format Version 12.00
# Visual Studio 15
VisualStudioVersion = 15.0.27428.2015
MinimumVisualStudioVersion = 10.0.40219.1
Project("{FAE04EC0-301F-11D3-BF4B-00C04F79EFBC}") = "SolucionCafecito", "SolucionCafecito\SolucionCafecito.csproj", "{DB56D36D-1664-4463-8FBF-954B4D675946}"
EndProject
Project("{FAE04EC0-301F-11D3-BF4B-00C04F79EFBC}") = "Controlador", "Controlador\Controlador.csproj", "{50818467-7CB7-4FA1-B8CB-F0158C39E113}"
EndProject
Project("{FAE04EC0-301F-11D3-BF4B-00C04F79EFBC}") = "Modelo", "Modelo\Modelo.csproj", "{9E5EC902-8AF8-4A9D-A85D-EEC7E25A5472}"
EndProject
Project("{54435603-DBB4-11D2-8724-00A0C9A8B90C}") = "UnCafecito_setup", "UnCafecito_setup\UnCafecito_setup.vdproj", "{13FA5482-DBA5-4A34-8433-29817BEE5729}"
EndProject
Global
	GlobalSection(SolutionConfigurationPlatforms) = preSolution
		Debug|Any CPU = Debug|Any CPU
		Release|Any CPU = Release|Any CPU
	EndGlobalSection
	GlobalSection(ProjectConfigurationPlatforms) = postSolution
		{DB56D36D-1664-4463-8FBF-954B4D675946}.Debug|Any CPU.ActiveCfg = Debug|Any CPU
		{DB56D36D-1664-4463-8FBF-954B4D675946}.Debug|Any CPU.Build.0 = Debug|Any CPU
		{DB56D36D-1664-4463-8FBF-954B4D675946}.Release|Any CPU.ActiveCfg = Release|Any CPU
		{DB56D36D-1664-4463-8FBF-954B4D675946}.Release|Any CPU.Build.0 = Release|Any CPU
		{50818467-7CB7-4FA1-B8CB-F0158C39E113}.Debug|Any CPU.ActiveCfg = Debug|Any CPU
		{50818467-7CB7-4FA1-B8CB-F0158C39E113}.Debug|Any CPU.Build.0 = Debug|Any CPU
		{50818467-7CB7-4FA1-B8CB-F0158C39E113}.Release|Any CPU.ActiveCfg = Release|Any CPU
		{50818467-7CB7-4FA1-B8CB-F0158C39E113}.Release|Any CPU.Build.0 = Release|Any CPU
		{9E5EC902-8AF8-4A9D-A85D-EEC7E25A5472}.Debug|Any CPU.ActiveCfg = Debug|Any CPU
		{9E5EC902-8AF8-4A9D-A85D-EEC7E25A5472}.Debug|Any CPU.Build.0 = Debug|Any CPU
		{9E5EC902-8AF8-4A9D-A85D-EEC7E25A5472}.Release|Any CPU.ActiveCfg = Release|Any CPU
		{9E5EC902-8AF8-4A9D-A85D-EEC7E25A5472}.Release|Any CPU.Build.0 = Release|Any CPU
		{13FA5482-DBA5-4A34-8433-29817BEE5729}.Debug|Any CPU.ActiveCfg = Debug
		{13FA5482-DBA5-4A34-8433-29817BEE5729}.Release|Any CPU.ActiveCfg = Release
	EndGlobalSection
	GlobalSection(SolutionProperties) = preSolution
		HideSolutionNode = FALSE
	EndGlobalSection
	GlobalSection(ExtensibilityGlobals) = postSolution
		SolutionGuid = {471692CF-70DA-41BB-AA87-26A6DE6628BB}
	EndGlobalSection
EndGlobal
